{
  "name": "agario",
  "version": "1.0.0",
  "lockfileVersion": 2,
  "requires": true,
  "packages": {
    "": {
      "name": "agario",
      "version": "1.0.0",
      "license": "ISC",
      "dependencies": {
        "esbuild": "^0.15.12",
        "pixi.js": "^7.0.0"
      },
      "devDependencies": {
        "@types/pixi.js": "^5.0.0"
      }
    },
    "node_modules/@esbuild/android-arm": {
      "version": "0.15.12",
      "resolved": "https://registry.npmjs.org/@esbuild/android-arm/-/android-arm-0.15.12.tgz",
      "integrity": "sha512-IC7TqIqiyE0MmvAhWkl/8AEzpOtbhRNDo7aph47We1NbE5w2bt/Q+giAhe0YYeVpYnIhGMcuZY92qDK6dQauvA==",
      "cpu": [
        "arm"
      ],
      "optional": true,
      "os": [
        "android"
      ],
      "engines": {
        "node": ">=12"
      }
    },
    "node_modules/@esbuild/linux-loong64": {
      "version": "0.15.12",
      "resolved": "https://registry.npmjs.org/@esbuild/linux-loong64/-/linux-loong64-0.15.12.tgz",
      "integrity": "sha512-tZEowDjvU7O7I04GYvWQOS4yyP9E/7YlsB0jjw1Ycukgr2ycEzKyIk5tms5WnLBymaewc6VmRKnn5IJWgK4eFw==",
      "cpu": [
        "loong64"
      ],
      "optional": true,
      "os": [
        "linux"
      ],
      "engines": {
        "node": ">=12"
      }
    },
    "node_modules/@pixi/accessibility": {
      "version": "7.0.0",
      "resolved": "https://registry.npmjs.org/@pixi/accessibility/-/accessibility-7.0.0.tgz",
      "integrity": "sha512-rLxvawDJZ+6KmS2nBkO/uRH1VGs6fo5td5G8oPzQ0O0B2mJavPRHU/2ZwPOb7JiFxJ1puocN7vmMfRfvhAk4fQ=="
    },
    "node_modules/@pixi/app": {
      "version": "7.0.0",
      "resolved": "https://registry.npmjs.org/@pixi/app/-/app-7.0.0.tgz",
      "integrity": "sha512-ApHYILumn/OT9MIldSolisXybBE9L1XObnt2NKafCoe3z2ycml4FdtLJgJOZs2CnhEH1NpTxeW36u3SI1zxTyA=="
    },
    "node_modules/@pixi/assets": {
      "version": "7.0.0",
      "resolved": "https://registry.npmjs.org/@pixi/assets/-/assets-7.0.0.tgz",
      "integrity": "sha512-/Kzcuy9qD6fa5ks0pEgcta/ouN4GyidxsAS3SHt27pXcRfliGEptIxD1/naySQmqL5o+UoZBky5ZmEuFprvxkg==",
      "dependencies": {
        "@types/css-font-loading-module": "^0.0.7"
      }
    },
    "node_modules/@pixi/compressed-textures": {
      "version": "7.0.0",
      "resolved": "https://registry.npmjs.org/@pixi/compressed-textures/-/compressed-textures-7.0.0.tgz",
      "integrity": "sha512-npVxeB28A6slCWxQtms9CvBevf76gWtwmgAmUMJlIDlJNI6iiF/RteKqk+tlT3hyCwfk7gO9B/WzZXrbwmBfaA=="
    },
    "node_modules/@pixi/constants": {
      "version": "7.0.0",
      "resolved": "https://registry.npmjs.org/@pixi/constants/-/constants-7.0.0.tgz",
      "integrity": "sha512-w6186QDlFQ0OW2Lc7spXuGySkDYdQe1j4yiTbnu7111AQNXxkODTS6BeawYNUoC+hPwQuiAxk1Dt+zvxNW8Bbw=="
    },
    "node_modules/@pixi/core": {
      "version": "7.0.0",
      "resolved": "https://registry.npmjs.org/@pixi/core/-/core-7.0.0.tgz",
      "integrity": "sha512-jJwAHk1BrY+TxqdX7iEeQkbOPvUynqJpkUaMNVw5rPqA9i+4viotC09Ot1uipg1kVV8p+MnPQtiDRFt9PSndxw==",
      "dependencies": {
        "@pixi/constants": "7.0.0",
        "@pixi/extensions": "7.0.0",
        "@pixi/math": "7.0.0",
        "@pixi/runner": "7.0.0",
        "@pixi/settings": "7.0.0",
        "@pixi/ticker": "7.0.0",
        "@pixi/utils": "7.0.0",
        "@types/offscreencanvas": "^2019.6.4"
      },
      "funding": {
        "type": "opencollective",
        "url": "https://opencollective.com/pixijs"
      }
    },
    "node_modules/@pixi/display": {
      "version": "7.0.0",
      "resolved": "https://registry.npmjs.org/@pixi/display/-/display-7.0.0.tgz",
      "integrity": "sha512-3nUXFlw4dD0prZBfUbH53w6KD1kHE74pmWj+NDComFshrhQbvrRGrAB+x6HrFAWLd+vq5BDlpBgwmF4V98D6QQ=="
    },
    "node_modules/@pixi/events": {
      "version": "7.0.0",
      "resolved": "https://registry.npmjs.org/@pixi/events/-/events-7.0.0.tgz",
      "integrity": "sha512-+BfMtBUezzsPww42qWMhwQY8bw9YGbDZ69ptDzy1qxEj8vV+6rk7hdpsIsrij9Z796tYoqGXPHjj0JT4T6mE9Q=="
    },
    "node_modules/@pixi/extensions": {
      "version": "7.0.0",
      "resolved": "https://registry.npmjs.org/@pixi/extensions/-/extensions-7.0.0.tgz",
      "integrity": "sha512-1XbNMW+AAcCNc3UJmAGYeaKz0eYWdDgjdjqYBfvqFv6adm+dHzdbEduTUwAi76RaIaRhAYwFFljQ/7m8btF7Kw=="
    },
    "node_modules/@pixi/extract": {
      "version": "7.0.0",
      "resolved": "https://registry.npmjs.org/@pixi/extract/-/extract-7.0.0.tgz",
      "integrity": "sha512-xmN8X+QtZWMXg1e3xbDz+SZBuXr3XcKp08I0xWNmznvIxwek8C4bbrUUsuId3P5Pkfr0Dc2xcVv4pn9EdLdXUg=="
    },
    "node_modules/@pixi/filter-alpha": {
      "version": "7.0.0",
      "resolved": "https://registry.npmjs.org/@pixi/filter-alpha/-/filter-alpha-7.0.0.tgz",
      "integrity": "sha512-qFimlT7F6Qq0WUMHg6/TeqNRszSmkzbzXmSHbRb5UQOv0FCuj/CxP/brTTZBtog/GsQ1XUp6XojNIb1NlYt6BA=="
    },
    "node_modules/@pixi/filter-blur": {
      "version": "7.0.0",
      "resolved": "https://registry.npmjs.org/@pixi/filter-blur/-/filter-blur-7.0.0.tgz",
      "integrity": "sha512-mMA9RkuR/uEJIhHUh51vJLqgyUqh65Ec8POZwYfgZHnifzi65cgmkXQ5macXxbDVf3iBf0L5rJZhRVib3tqkIA=="
    },
    "node_modules/@pixi/filter-color-matrix": {
      "version": "7.0.0",
      "resolved": "https://registry.npmjs.org/@pixi/filter-color-matrix/-/filter-color-matrix-7.0.0.tgz",
      "integrity": "sha512-gRGzBn8KEt76Aj0Qix6PbwZ1LWjJ61OQFkGdGyeybnHzLJ6pKgVhJxf/3NWlGND7ulD9+rbmE1k3fNimwJ6SoA=="
    },
    "node_modules/@pixi/filter-displacement": {
      "version": "7.0.0",
      "resolved": "https://registry.npmjs.org/@pixi/filter-displacement/-/filter-displacement-7.0.0.tgz",
      "integrity": "sha512-BvNikuprfjI3pvwmXB8zZ/Pb9JDLqFkQx6zWRQTzNeMR/YVjsdsiT5zgFU732uD7FPmXT7kEIAv+1ZN5CrbP6w=="
    },
    "node_modules/@pixi/filter-fxaa": {
      "version": "7.0.0",
      "resolved": "https://registry.npmjs.org/@pixi/filter-fxaa/-/filter-fxaa-7.0.0.tgz",
      "integrity": "sha512-IA+72KahLk/YGq3rtfYQf5/E6nOYiJzLeh529gvH6bB6d6+UEimRBnkRYqKfAxGwJX9etc9NFFzLC5inE+4L5A=="
    },
    "node_modules/@pixi/filter-noise": {
      "version": "7.0.0",
      "resolved": "https://registry.npmjs.org/@pixi/filter-noise/-/filter-noise-7.0.0.tgz",
      "integrity": "sha512-WL0biV1Vd++IX68J5TjO9z7SLtGklBzIvSqmYNTHnAqEJkZ1ss4MCvo9ASYSVxrTk9Wls5eBzYNjEgeJEObVyg=="
    },
    "node_modules/@pixi/graphics": {
      "version": "7.0.0",
      "resolved": "https://registry.npmjs.org/@pixi/graphics/-/graphics-7.0.0.tgz",
      "integrity": "sha512-0a4qvkdVDVs7eFdXeFUf33DvfsuoqpcgF3XkUKa7xSD/zKgfmALMpgAcDPRoop1cUbTTCwvYebESUQGcx9tlig=="
    },
    "node_modules/@pixi/math": {
      "version": "7.0.0",
      "resolved": "https://registry.npmjs.org/@pixi/math/-/math-7.0.0.tgz",
      "integrity": "sha512-fEJj6iRp8zVARndgD903a3A5JEbgfbRx/JQK61wN2AWDSij62OY9d94ZOeEZR3F3WU+sP3DBOPrB0OAfUOH/zg=="
    },
    "node_modules/@pixi/mesh": {
      "version": "7.0.0",
      "resolved": "https://registry.npmjs.org/@pixi/mesh/-/mesh-7.0.0.tgz",
      "integrity": "sha512-m/5awygP8xpK83G8IRgFACWYV3/duNdpQ39w/hCiRSWADpR7iHQ0Zt88zA395TOFrOouyUtPcoUFfBlnHjJBhA=="
    },
    "node_modules/@pixi/mesh-extras": {
      "version": "7.0.0",
      "resolved": "https://registry.npmjs.org/@pixi/mesh-extras/-/mesh-extras-7.0.0.tgz",
      "integrity": "sha512-cedILkFGR4FisE626n9hOGRP0Hclxn40Q6L4kU2zSEIheuER8JsFjyzJzDaArNTid87jCYOpMTLVTia9kWBKeg=="
    },
    "node_modules/@pixi/mixin-cache-as-bitmap": {
      "version": "7.0.0",
      "resolved": "https://registry.npmjs.org/@pixi/mixin-cache-as-bitmap/-/mixin-cache-as-bitmap-7.0.0.tgz",
      "integrity": "sha512-cWSFHxfY+CtPKFccPJSTwEPrP3TbHBVF9yA2HY8O/BoeXDKLM7OP9zCyR45JFZwlktogPpOArkKa5ecsndqkDQ=="
    },
    "node_modules/@pixi/mixin-get-child-by-name": {
      "version": "7.0.0",
      "resolved": "https://registry.npmjs.org/@pixi/mixin-get-child-by-name/-/mixin-get-child-by-name-7.0.0.tgz",
      "integrity": "sha512-ZDbGT16reuwD2ZdlTCqZtEe6tJla4c6MxTakrjZqgYjkO4DYXpy2Gb+Pra2MF6iFD3Tg4KXHnymD9Xojo0pheQ=="
    },
    "node_modules/@pixi/mixin-get-global-position": {
      "version": "7.0.0",
      "resolved": "https://registry.npmjs.org/@pixi/mixin-get-global-position/-/mixin-get-global-position-7.0.0.tgz",
      "integrity": "sha512-7lrwiOYuvuVTpxemZI3QCNLDcfNf5ky8YbfEJ4jng/F08MYf8hrwtKJB7dKPk+ofM8X40XrqwjGghF27RaKTcQ=="
    },
    "node_modules/@pixi/particle-container": {
      "version": "7.0.0",
      "resolved": "https://registry.npmjs.org/@pixi/particle-container/-/particle-container-7.0.0.tgz",
      "integrity": "sha512-IlNsLqEjsqQnHnW1fG/M4HtPiknE2XzyUUbqTlg6seteMcY4u/IBJpriOG/Fuj/H3QOpkOZdwcnPtQ0rzNLoEA=="
    },
    "node_modules/@pixi/prepare": {
      "version": "7.0.0",
      "resolved": "https://registry.npmjs.org/@pixi/prepare/-/prepare-7.0.0.tgz",
      "integrity": "sha512-7CbguyNCDpoqLN77KS/6MXiZvpHsQplDcnNQIyLagsQL806+FUNeJwX+SBQ3nlGjgU1uq93gpI1EnggO68BFaQ=="
    },
    "node_modules/@pixi/runner": {
      "version": "7.0.0",
      "resolved": "https://registry.npmjs.org/@pixi/runner/-/runner-7.0.0.tgz",
      "integrity": "sha512-+SKhTbjTOkAiuv/R+w0085KfAGw85UU/pNwSEdi3Md7XPbCqDjv+CD/hBL+U5KHQ/apaso9EqXEawOYQYewYlQ=="
    },
    "node_modules/@pixi/settings": {
      "version": "7.0.0",
      "resolved": "https://registry.npmjs.org/@pixi/settings/-/settings-7.0.0.tgz",
      "integrity": "sha512-5OdG2nclUpXC1Dy1Tz58Lbvk8vmyex2t4ESHIZ4ar/xh3E1tuRyQx2CxEOsUI9cjkdm94RswVjutLtImhL4gdg==",
      "dependencies": {
        "@pixi/constants": "7.0.0",
        "@types/css-font-loading-module": "^0.0.7"
      }
    },
    "node_modules/@pixi/sprite": {
      "version": "7.0.0",
      "resolved": "https://registry.npmjs.org/@pixi/sprite/-/sprite-7.0.0.tgz",
      "integrity": "sha512-wMs+C3iMvU/VzbRLrq7mnxy1+2IEtaUvdYkcHud/6nNEiiwfCH4c3DEqjWsqnZKvo92tZ/cx6WmCyvXeTx8c5g=="
    },
    "node_modules/@pixi/sprite-animated": {
      "version": "7.0.0",
      "resolved": "https://registry.npmjs.org/@pixi/sprite-animated/-/sprite-animated-7.0.0.tgz",
      "integrity": "sha512-viJFSIjDnuZwl1v0VSS5tJHUjge8rNSIFwM0qqAVHIFQM9sOmIOINQFpe/AsBf5wE7fTlQa970OWNDJ2E7K6Sw=="
    },
    "node_modules/@pixi/sprite-tiling": {
      "version": "7.0.0",
      "resolved": "https://registry.npmjs.org/@pixi/sprite-tiling/-/sprite-tiling-7.0.0.tgz",
      "integrity": "sha512-KFF5YbhiPpzFAYQf7UfTyvO0w/abA0GHXJNehfrltb4vZKtooOclJhCs4uEcdKtPlaCkgnfEqbvvZ5CnOzHWCA=="
    },
    "node_modules/@pixi/spritesheet": {
      "version": "7.0.0",
      "resolved": "https://registry.npmjs.org/@pixi/spritesheet/-/spritesheet-7.0.0.tgz",
      "integrity": "sha512-ow1cTuyXLeNoNGFES5Wqt7hOOjQ5v9xmGTJWivI2PyCcKCevNFV3QjmHPJYuFtou6BJbu3mHh1vbBUX1PEnQ8w=="
    },
    "node_modules/@pixi/text": {
      "version": "7.0.0",
      "resolved": "https://registry.npmjs.org/@pixi/text/-/text-7.0.0.tgz",
      "integrity": "sha512-Q7A7W+fekq5lY1JUS5x7LYnwuUcBiM91j3RtyCrMhkN7L7tEuJBwzVZJCabwP0VZRAFHmOEcUk7huxQwAacT+w=="
    },
    "node_modules/@pixi/text-bitmap": {
      "version": "7.0.0",
      "resolved": "https://registry.npmjs.org/@pixi/text-bitmap/-/text-bitmap-7.0.0.tgz",
      "integrity": "sha512-oVIZ3aEPagijTKfq07VRLXSOy9wktdIsQq5QgZ4b9XqZxV7QGHCrWx8bscFkkeW6VkGk2YKhbVSB7Wi09PWK8g=="
    },
    "node_modules/@pixi/ticker": {
      "version": "7.0.0",
      "resolved": "https://registry.npmjs.org/@pixi/ticker/-/ticker-7.0.0.tgz",
      "integrity": "sha512-AYmQuvGzO9Gi330knO1rsrAGDw4yjOV6ffm3HSv5RKb2G1K9icrKt/ub0DcozkN9dNn9PSw+vHSSZpWpBKIczw==",
      "dependencies": {
        "@pixi/extensions": "7.0.0",
        "@pixi/settings": "7.0.0"
      }
    },
    "node_modules/@pixi/utils": {
      "version": "7.0.0",
      "resolved": "https://registry.npmjs.org/@pixi/utils/-/utils-7.0.0.tgz",
      "integrity": "sha512-eZI4ELOfgZ5GAASmnO7GUXQ20pZwWBl4QUiuXbABkWZakXjWWfO20m6LTQR4ID9Lpuhwx93a/ZttMcqgleRISQ==",
      "dependencies": {
        "@pixi/constants": "7.0.0",
        "@pixi/settings": "7.0.0",
        "@types/earcut": "^2.1.0",
        "earcut": "^2.2.4",
        "eventemitter3": "^4.0.0",
        "url": "^0.11.0"
      }
    },
    "node_modules/@types/css-font-loading-module": {
      "version": "0.0.7",
      "resolved": "https://registry.npmjs.org/@types/css-font-loading-module/-/css-font-loading-module-0.0.7.tgz",
      "integrity": "sha512-nl09VhutdjINdWyXxHWN/w9zlNCfr60JUqJbd24YXUuCwgeL0TpFSdElCwb6cxfB6ybE19Gjj4g0jsgkXxKv1Q=="
    },
    "node_modules/@types/earcut": {
      "version": "2.1.1",
      "resolved": "https://registry.npmjs.org/@types/earcut/-/earcut-2.1.1.tgz",
      "integrity": "sha512-w8oigUCDjElRHRRrMvn/spybSMyX8MTkKA5Dv+tS1IE/TgmNZPqUYtvYBXGY8cieSE66gm+szeK+bnbxC2xHTQ=="
    },
    "node_modules/@types/offscreencanvas": {
      "version": "2019.7.0",
      "resolved": "https://registry.npmjs.org/@types/offscreencanvas/-/offscreencanvas-2019.7.0.tgz",
      "integrity": "sha512-PGcyveRIpL1XIqK8eBsmRBt76eFgtzuPiSTyKHZxnGemp2yzGzWpjYKAfK3wIMiU7eH+851yEpiuP8JZerTmWg=="
    },
    "node_modules/@types/pixi.js": {
      "version": "5.0.0",
      "resolved": "https://registry.npmjs.org/@types/pixi.js/-/pixi.js-5.0.0.tgz",
      "integrity": "sha512-yZqQBR043lRBlBZci2cx6hgmX0fvBfYIqFm6VThlnueXEjitxd3coy+BGsqsZ7+ary7O//+ks4aJRhC5MJoHqA==",
      "deprecated": "This is a stub types definition. pixi.js provides its own type definitions, so you do not need this installed.",
      "dev": true,
      "dependencies": {
        "pixi.js": "*"
      }
    },
    "node_modules/earcut": {
      "version": "2.2.4",
      "resolved": "https://registry.npmjs.org/earcut/-/earcut-2.2.4.tgz",
      "integrity": "sha512-/pjZsA1b4RPHbeWZQn66SWS8nZZWLQQ23oE3Eam7aroEFGEvwKAsJfZ9ytiEMycfzXWpca4FA9QIOehf7PocBQ=="
    },
    "node_modules/esbuild": {
      "version": "0.15.12",
      "resolved": "https://registry.npmjs.org/esbuild/-/esbuild-0.15.12.tgz",
      "integrity": "sha512-PcT+/wyDqJQsRVhaE9uX/Oq4XLrFh0ce/bs2TJh4CSaw9xuvI+xFrH2nAYOADbhQjUgAhNWC5LKoUsakm4dxng==",
      "hasInstallScript": true,
      "bin": {
        "esbuild": "bin/esbuild"
      },
      "engines": {
        "node": ">=12"
      },
      "optionalDependencies": {
        "@esbuild/android-arm": "0.15.12",
        "@esbuild/linux-loong64": "0.15.12",
        "esbuild-android-64": "0.15.12",
        "esbuild-android-arm64": "0.15.12",
        "esbuild-darwin-64": "0.15.12",
        "esbuild-darwin-arm64": "0.15.12",
        "esbuild-freebsd-64": "0.15.12",
        "esbuild-freebsd-arm64": "0.15.12",
        "esbuild-linux-32": "0.15.12",
        "esbuild-linux-64": "0.15.12",
        "esbuild-linux-arm": "0.15.12",
        "esbuild-linux-arm64": "0.15.12",
        "esbuild-linux-mips64le": "0.15.12",
        "esbuild-linux-ppc64le": "0.15.12",
        "esbuild-linux-riscv64": "0.15.12",
        "esbuild-linux-s390x": "0.15.12",
        "esbuild-netbsd-64": "0.15.12",
        "esbuild-openbsd-64": "0.15.12",
        "esbuild-sunos-64": "0.15.12",
        "esbuild-windows-32": "0.15.12",
        "esbuild-windows-64": "0.15.12",
        "esbuild-windows-arm64": "0.15.12"
      }
    },
    "node_modules/esbuild-android-64": {
      "version": "0.15.12",
      "resolved": "https://registry.npmjs.org/esbuild-android-64/-/esbuild-android-64-0.15.12.tgz",
      "integrity": "sha512-MJKXwvPY9g0rGps0+U65HlTsM1wUs9lbjt5CU19RESqycGFDRijMDQsh68MtbzkqWSRdEtiKS1mtPzKneaAI0Q==",
      "cpu": [
        "x64"
      ],
      "optional": true,
      "os": [
        "android"
      ],
      "engines": {
        "node": ">=12"
      }
    },
    "node_modules/esbuild-android-arm64": {
      "version": "0.15.12",
      "resolved": "https://registry.npmjs.org/esbuild-android-arm64/-/esbuild-android-arm64-0.15.12.tgz",
      "integrity": "sha512-Hc9SEcZbIMhhLcvhr1DH+lrrec9SFTiRzfJ7EGSBZiiw994gfkVV6vG0sLWqQQ6DD7V4+OggB+Hn0IRUdDUqvA==",
      "cpu": [
        "arm64"
      ],
      "optional": true,
      "os": [
        "android"
      ],
      "engines": {
        "node": ">=12"
      }
    },
    "node_modules/esbuild-darwin-64": {
      "version": "0.15.12",
      "resolved": "https://registry.npmjs.org/esbuild-darwin-64/-/esbuild-darwin-64-0.15.12.tgz",
      "integrity": "sha512-qkmqrTVYPFiePt5qFjP8w/S+GIUMbt6k8qmiPraECUWfPptaPJUGkCKrWEfYFRWB7bY23FV95rhvPyh/KARP8Q==",
      "cpu": [
        "x64"
      ],
      "optional": true,
      "os": [
        "darwin"
      ],
      "engines": {
        "node": ">=12"
      }
    },
    "node_modules/esbuild-darwin-arm64": {
      "version": "0.15.12",
      "resolved": "https://registry.npmjs.org/esbuild-darwin-arm64/-/esbuild-darwin-arm64-0.15.12.tgz",
      "integrity": "sha512-z4zPX02tQ41kcXMyN3c/GfZpIjKoI/BzHrdKUwhC/Ki5BAhWv59A9M8H+iqaRbwpzYrYidTybBwiZAIWCLJAkw==",
      "cpu": [
        "arm64"
      ],
      "optional": true,
      "os": [
        "darwin"
      ],
      "engines": {
        "node": ">=12"
      }
    },
    "node_modules/esbuild-freebsd-64": {
      "version": "0.15.12",
      "resolved": "https://registry.npmjs.org/esbuild-freebsd-64/-/esbuild-freebsd-64-0.15.12.tgz",
      "integrity": "sha512-XFL7gKMCKXLDiAiBjhLG0XECliXaRLTZh6hsyzqUqPUf/PY4C6EJDTKIeqqPKXaVJ8+fzNek88285krSz1QECw==",
      "cpu": [
        "x64"
      ],
      "optional": true,
      "os": [
        "freebsd"
      ],
      "engines": {
        "node": ">=12"
      }
    },
    "node_modules/esbuild-freebsd-arm64": {
      "version": "0.15.12",
      "resolved": "https://registry.npmjs.org/esbuild-freebsd-arm64/-/esbuild-freebsd-arm64-0.15.12.tgz",
      "integrity": "sha512-jwEIu5UCUk6TjiG1X+KQnCGISI+ILnXzIzt9yDVrhjug2fkYzlLbl0K43q96Q3KB66v6N1UFF0r5Ks4Xo7i72g==",
      "cpu": [
        "arm64"
      ],
      "optional": true,
      "os": [
        "freebsd"
      ],
      "engines": {
        "node": ">=12"
      }
    },
    "node_modules/esbuild-linux-32": {
      "version": "0.15.12",
      "resolved": "https://registry.npmjs.org/esbuild-linux-32/-/esbuild-linux-32-0.15.12.tgz",
      "integrity": "sha512-uSQuSEyF1kVzGzuIr4XM+v7TPKxHjBnLcwv2yPyCz8riV8VUCnO/C4BF3w5dHiVpCd5Z1cebBtZJNlC4anWpwA==",
      "cpu": [
        "ia32"
      ],
      "optional": true,
      "os": [
        "linux"
      ],
      "engines": {
        "node": ">=12"
      }
    },
    "node_modules/esbuild-linux-64": {
      "version": "0.15.12",
      "resolved": "https://registry.npmjs.org/esbuild-linux-64/-/esbuild-linux-64-0.15.12.tgz",
      "integrity": "sha512-QcgCKb7zfJxqT9o5z9ZUeGH1k8N6iX1Y7VNsEi5F9+HzN1OIx7ESxtQXDN9jbeUSPiRH1n9cw6gFT3H4qbdvcA==",
      "cpu": [
        "x64"
      ],
      "optional": true,
      "os": [
        "linux"
      ],
      "engines": {
        "node": ">=12"
      }
    },
    "node_modules/esbuild-linux-arm": {
      "version": "0.15.12",
      "resolved": "https://registry.npmjs.org/esbuild-linux-arm/-/esbuild-linux-arm-0.15.12.tgz",
      "integrity": "sha512-Wf7T0aNylGcLu7hBnzMvsTfEXdEdJY/hY3u36Vla21aY66xR0MS5I1Hw8nVquXjTN0A6fk/vnr32tkC/C2lb0A==",
      "cpu": [
        "arm"
      ],
      "optional": true,
      "os": [
        "linux"
      ],
      "engines": {
        "node": ">=12"
      }
    },
    "node_modules/esbuild-linux-arm64": {
      "version": "0.15.12",
      "resolved": "https://registry.npmjs.org/esbuild-linux-arm64/-/esbuild-linux-arm64-0.15.12.tgz",
      "integrity": "sha512-HtNq5xm8fUpZKwWKS2/YGwSfTF+339L4aIA8yphNKYJckd5hVdhfdl6GM2P3HwLSCORS++++7++//ApEwXEuAQ==",
      "cpu": [
        "arm64"
      ],
      "optional": true,
      "os": [
        "linux"
      ],
      "engines": {
        "node": ">=12"
      }
    },
    "node_modules/esbuild-linux-mips64le": {
      "version": "0.15.12",
      "resolved": "https://registry.npmjs.org/esbuild-linux-mips64le/-/esbuild-linux-mips64le-0.15.12.tgz",
      "integrity": "sha512-Qol3+AvivngUZkTVFgLpb0H6DT+N5/zM3V1YgTkryPYFeUvuT5JFNDR3ZiS6LxhyF8EE+fiNtzwlPqMDqVcc6A==",
      "cpu": [
        "mips64el"
      ],
      "optional": true,
      "os": [
        "linux"
      ],
      "engines": {
        "node": ">=12"
      }
    },
    "node_modules/esbuild-linux-ppc64le": {
      "version": "0.15.12",
      "resolved": "https://registry.npmjs.org/esbuild-linux-ppc64le/-/esbuild-linux-ppc64le-0.15.12.tgz",
      "integrity": "sha512-4D8qUCo+CFKaR0cGXtGyVsOI7w7k93Qxb3KFXWr75An0DHamYzq8lt7TNZKoOq/Gh8c40/aKaxvcZnTgQ0TJNg==",
      "cpu": [
        "ppc64"
      ],
      "optional": true,
      "os": [
        "linux"
      ],
      "engines": {
        "node": ">=12"
      }
    },
    "node_modules/esbuild-linux-riscv64": {
      "version": "0.15.12",
      "resolved": "https://registry.npmjs.org/esbuild-linux-riscv64/-/esbuild-linux-riscv64-0.15.12.tgz",
      "integrity": "sha512-G9w6NcuuCI6TUUxe6ka0enjZHDnSVK8bO+1qDhMOCtl7Tr78CcZilJj8SGLN00zO5iIlwNRZKHjdMpfFgNn1VA==",
      "cpu": [
        "riscv64"
      ],
      "optional": true,
      "os": [
        "linux"
      ],
      "engines": {
        "node": ">=12"
      }
    },
    "node_modules/esbuild-linux-s390x": {
      "version": "0.15.12",
      "resolved": "https://registry.npmjs.org/esbuild-linux-s390x/-/esbuild-linux-s390x-0.15.12.tgz",
      "integrity": "sha512-Lt6BDnuXbXeqSlVuuUM5z18GkJAZf3ERskGZbAWjrQoi9xbEIsj/hEzVnSAFLtkfLuy2DE4RwTcX02tZFunXww==",
      "cpu": [
        "s390x"
      ],
      "optional": true,
      "os": [
        "linux"
      ],
      "engines": {
        "node": ">=12"
      }
    },
    "node_modules/esbuild-netbsd-64": {
      "version": "0.15.12",
      "resolved": "https://registry.npmjs.org/esbuild-netbsd-64/-/esbuild-netbsd-64-0.15.12.tgz",
      "integrity": "sha512-jlUxCiHO1dsqoURZDQts+HK100o0hXfi4t54MNRMCAqKGAV33JCVvMplLAa2FwviSojT/5ZG5HUfG3gstwAG8w==",
      "cpu": [
        "x64"
      ],
      "optional": true,
      "os": [
        "netbsd"
      ],
      "engines": {
        "node": ">=12"
      }
    },
    "node_modules/esbuild-openbsd-64": {
      "version": "0.15.12",
      "resolved": "https://registry.npmjs.org/esbuild-openbsd-64/-/esbuild-openbsd-64-0.15.12.tgz",
      "integrity": "sha512-1o1uAfRTMIWNOmpf8v7iudND0L6zRBYSH45sofCZywrcf7NcZA+c7aFsS1YryU+yN7aRppTqdUK1PgbZVaB1Dw==",
      "cpu": [
        "x64"
      ],
      "optional": true,
      "os": [
        "openbsd"
      ],
      "engines": {
        "node": ">=12"
      }
    },
    "node_modules/esbuild-sunos-64": {
      "version": "0.15.12",
      "resolved": "https://registry.npmjs.org/esbuild-sunos-64/-/esbuild-sunos-64-0.15.12.tgz",
      "integrity": "sha512-nkl251DpoWoBO9Eq9aFdoIt2yYmp4I3kvQjba3jFKlMXuqQ9A4q+JaqdkCouG3DHgAGnzshzaGu6xofGcXyPXg==",
      "cpu": [
        "x64"
      ],
      "optional": true,
      "os": [
        "sunos"
      ],
      "engines": {
        "node": ">=12"
      }
    },
    "node_modules/esbuild-windows-32": {
      "version": "0.15.12",
      "resolved": "https://registry.npmjs.org/esbuild-windows-32/-/esbuild-windows-32-0.15.12.tgz",
      "integrity": "sha512-WlGeBZHgPC00O08luIp5B2SP4cNCp/PcS+3Pcg31kdcJPopHxLkdCXtadLU9J82LCfw4TVls21A6lilQ9mzHrw==",
      "cpu": [
        "ia32"
      ],
      "optional": true,
      "os": [
        "win32"
      ],
      "engines": {
        "node": ">=12"
      }
    },
    "node_modules/esbuild-windows-64": {
      "version": "0.15.12",
      "resolved": "https://registry.npmjs.org/esbuild-windows-64/-/esbuild-windows-64-0.15.12.tgz",
      "integrity": "sha512-VActO3WnWZSN//xjSfbiGOSyC+wkZtI8I4KlgrTo5oHJM6z3MZZBCuFaZHd8hzf/W9KPhF0lY8OqlmWC9HO5AA==",
      "cpu": [
        "x64"
      ],
      "optional": true,
      "os": [
        "win32"
      ],
      "engines": {
        "node": ">=12"
      }
    },
    "node_modules/esbuild-windows-arm64": {
      "version": "0.15.12",
      "resolved": "https://registry.npmjs.org/esbuild-windows-arm64/-/esbuild-windows-arm64-0.15.12.tgz",
      "integrity": "sha512-Of3MIacva1OK/m4zCNIvBfz8VVROBmQT+gRX6pFTLPngFYcj6TFH/12VveAqq1k9VB2l28EoVMNMUCcmsfwyuA==",
      "cpu": [
        "arm64"
      ],
      "optional": true,
      "os": [
        "win32"
      ],
      "engines": {
        "node": ">=12"
      }
    },
    "node_modules/eventemitter3": {
      "version": "4.0.7",
      "resolved": "https://registry.npmjs.org/eventemitter3/-/eventemitter3-4.0.7.tgz",
      "integrity": "sha512-8guHBZCwKnFhYdHr2ysuRWErTwhoN2X8XELRlrRwpmfeY2jjuUN4taQMsULKUVo1K4DvZl+0pgfyoysHxvmvEw=="
    },
    "node_modules/pixi.js": {
      "version": "7.0.0",
      "resolved": "https://registry.npmjs.org/pixi.js/-/pixi.js-7.0.0.tgz",
      "integrity": "sha512-/etsMGiNfWX2385epiWgxEOOWGFCZ4n1QupqG0+X6efqKfoFxBRAXm0xfYt6U5pFTjnyIOkLyPVwywfYYQcH7g==",
      "dependencies": {
        "@pixi/accessibility": "7.0.0",
        "@pixi/app": "7.0.0",
        "@pixi/assets": "7.0.0",
        "@pixi/compressed-textures": "7.0.0",
        "@pixi/core": "7.0.0",
        "@pixi/display": "7.0.0",
        "@pixi/events": "7.0.0",
        "@pixi/extensions": "7.0.0",
        "@pixi/extract": "7.0.0",
        "@pixi/filter-alpha": "7.0.0",
        "@pixi/filter-blur": "7.0.0",
        "@pixi/filter-color-matrix": "7.0.0",
        "@pixi/filter-displacement": "7.0.0",
        "@pixi/filter-fxaa": "7.0.0",
        "@pixi/filter-noise": "7.0.0",
        "@pixi/graphics": "7.0.0",
        "@pixi/mesh": "7.0.0",
        "@pixi/mesh-extras": "7.0.0",
        "@pixi/mixin-cache-as-bitmap": "7.0.0",
        "@pixi/mixin-get-child-by-name": "7.0.0",
        "@pixi/mixin-get-global-position": "7.0.0",
        "@pixi/particle-container": "7.0.0",
        "@pixi/prepare": "7.0.0",
        "@pixi/sprite": "7.0.0",
        "@pixi/sprite-animated": "7.0.0",
        "@pixi/sprite-tiling": "7.0.0",
        "@pixi/spritesheet": "7.0.0",
        "@pixi/text": "7.0.0",
        "@pixi/text-bitmap": "7.0.0"
      },
      "funding": {
        "type": "opencollective",
        "url": "https://opencollective.com/pixijs"
      }
    },
    "node_modules/punycode": {
      "version": "1.3.2",
      "resolved": "https://registry.npmjs.org/punycode/-/punycode-1.3.2.tgz",
      "integrity": "sha512-RofWgt/7fL5wP1Y7fxE7/EmTLzQVnB0ycyibJ0OOHIlJqTNzglYFxVwETOcIoJqJmpDXJ9xImDv+Fq34F/d4Dw=="
    },
    "node_modules/querystring": {
      "version": "0.2.0",
      "resolved": "https://registry.npmjs.org/querystring/-/querystring-0.2.0.tgz",
      "integrity": "sha512-X/xY82scca2tau62i9mDyU9K+I+djTMUsvwf7xnUX5GLvVzgJybOJf4Y6o9Zx3oJK/LSXg5tTZBjwzqVPaPO2g==",
      "deprecated": "The querystring API is considered Legacy. new code should use the URLSearchParams API instead.",
      "engines": {
        "node": ">=0.4.x"
      }
    },
    "node_modules/url": {
      "version": "0.11.0",
      "resolved": "https://registry.npmjs.org/url/-/url-0.11.0.tgz",
      "integrity": "sha512-kbailJa29QrtXnxgq+DdCEGlbTeYM2eJUxsz6vjZavrCYPMIFHMKQmSKYAIuUK2i7hgPm28a8piX5NTUtM/LKQ==",
      "dependencies": {
        "punycode": "1.3.2",
        "querystring": "0.2.0"
      }
    }
  },
  "dependencies": {
    "@esbuild/android-arm": {
      "version": "0.15.12",
      "resolved": "https://registry.npmjs.org/@esbuild/android-arm/-/android-arm-0.15.12.tgz",
      "integrity": "sha512-IC7TqIqiyE0MmvAhWkl/8AEzpOtbhRNDo7aph47We1NbE5w2bt/Q+giAhe0YYeVpYnIhGMcuZY92qDK6dQauvA==",
      "optional": true
    },
    "@esbuild/linux-loong64": {
      "version": "0.15.12",
      "resolved": "https://registry.npmjs.org/@esbuild/linux-loong64/-/linux-loong64-0.15.12.tgz",
      "integrity": "sha512-tZEowDjvU7O7I04GYvWQOS4yyP9E/7YlsB0jjw1Ycukgr2ycEzKyIk5tms5WnLBymaewc6VmRKnn5IJWgK4eFw==",
      "optional": true
    },
    "@pixi/accessibility": {
      "version": "7.0.0",
      "resolved": "https://registry.npmjs.org/@pixi/accessibility/-/accessibility-7.0.0.tgz",
      "integrity": "sha512-rLxvawDJZ+6KmS2nBkO/uRH1VGs6fo5td5G8oPzQ0O0B2mJavPRHU/2ZwPOb7JiFxJ1puocN7vmMfRfvhAk4fQ=="
    },
    "@pixi/app": {
      "version": "7.0.0",
      "resolved": "https://registry.npmjs.org/@pixi/app/-/app-7.0.0.tgz",
      "integrity": "sha512-ApHYILumn/OT9MIldSolisXybBE9L1XObnt2NKafCoe3z2ycml4FdtLJgJOZs2CnhEH1NpTxeW36u3SI1zxTyA=="
    },
    "@pixi/assets": {
      "version": "7.0.0",
      "resolved": "https://registry.npmjs.org/@pixi/assets/-/assets-7.0.0.tgz",
      "integrity": "sha512-/Kzcuy9qD6fa5ks0pEgcta/ouN4GyidxsAS3SHt27pXcRfliGEptIxD1/naySQmqL5o+UoZBky5ZmEuFprvxkg==",
      "requires": {
        "@types/css-font-loading-module": "^0.0.7"
      }
    },
    "@pixi/compressed-textures": {
      "version": "7.0.0",
      "resolved": "https://registry.npmjs.org/@pixi/compressed-textures/-/compressed-textures-7.0.0.tgz",
      "integrity": "sha512-npVxeB28A6slCWxQtms9CvBevf76gWtwmgAmUMJlIDlJNI6iiF/RteKqk+tlT3hyCwfk7gO9B/WzZXrbwmBfaA=="
    },
    "@pixi/constants": {
      "version": "7.0.0",
      "resolved": "https://registry.npmjs.org/@pixi/constants/-/constants-7.0.0.tgz",
      "integrity": "sha512-w6186QDlFQ0OW2Lc7spXuGySkDYdQe1j4yiTbnu7111AQNXxkODTS6BeawYNUoC+hPwQuiAxk1Dt+zvxNW8Bbw=="
    },
    "@pixi/core": {
      "version": "7.0.0",
      "resolved": "https://registry.npmjs.org/@pixi/core/-/core-7.0.0.tgz",
      "integrity": "sha512-jJwAHk1BrY+TxqdX7iEeQkbOPvUynqJpkUaMNVw5rPqA9i+4viotC09Ot1uipg1kVV8p+MnPQtiDRFt9PSndxw==",
      "requires": {
        "@pixi/constants": "7.0.0",
        "@pixi/extensions": "7.0.0",
        "@pixi/math": "7.0.0",
        "@pixi/runner": "7.0.0",
        "@pixi/settings": "7.0.0",
        "@pixi/ticker": "7.0.0",
        "@pixi/utils": "7.0.0",
        "@types/offscreencanvas": "^2019.6.4"
      }
    },
    "@pixi/display": {
      "version": "7.0.0",
      "resolved": "https://registry.npmjs.org/@pixi/display/-/display-7.0.0.tgz",
      "integrity": "sha512-3nUXFlw4dD0prZBfUbH53w6KD1kHE74pmWj+NDComFshrhQbvrRGrAB+x6HrFAWLd+vq5BDlpBgwmF4V98D6QQ=="
    },
    "@pixi/events": {
      "version": "7.0.0",
      "resolved": "https://registry.npmjs.org/@pixi/events/-/events-7.0.0.tgz",
      "integrity": "sha512-+BfMtBUezzsPww42qWMhwQY8bw9YGbDZ69ptDzy1qxEj8vV+6rk7hdpsIsrij9Z796tYoqGXPHjj0JT4T6mE9Q=="
    },
    "@pixi/extensions": {
      "version": "7.0.0",
      "resolved": "https://registry.npmjs.org/@pixi/extensions/-/extensions-7.0.0.tgz",
      "integrity": "sha512-1XbNMW+AAcCNc3UJmAGYeaKz0eYWdDgjdjqYBfvqFv6adm+dHzdbEduTUwAi76RaIaRhAYwFFljQ/7m8btF7Kw=="
    },
    "@pixi/extract": {
      "version": "7.0.0",
      "resolved": "https://registry.npmjs.org/@pixi/extract/-/extract-7.0.0.tgz",
      "integrity": "sha512-xmN8X+QtZWMXg1e3xbDz+SZBuXr3XcKp08I0xWNmznvIxwek8C4bbrUUsuId3P5Pkfr0Dc2xcVv4pn9EdLdXUg=="
    },
    "@pixi/filter-alpha": {
      "version": "7.0.0",
      "resolved": "https://registry.npmjs.org/@pixi/filter-alpha/-/filter-alpha-7.0.0.tgz",
      "integrity": "sha512-qFimlT7F6Qq0WUMHg6/TeqNRszSmkzbzXmSHbRb5UQOv0FCuj/CxP/brTTZBtog/GsQ1XUp6XojNIb1NlYt6BA=="
    },
    "@pixi/filter-blur": {
      "version": "7.0.0",
      "resolved": "https://registry.npmjs.org/@pixi/filter-blur/-/filter-blur-7.0.0.tgz",
      "integrity": "sha512-mMA9RkuR/uEJIhHUh51vJLqgyUqh65Ec8POZwYfgZHnifzi65cgmkXQ5macXxbDVf3iBf0L5rJZhRVib3tqkIA=="
    },
    "@pixi/filter-color-matrix": {
      "version": "7.0.0",
      "resolved": "https://registry.npmjs.org/@pixi/filter-color-matrix/-/filter-color-matrix-7.0.0.tgz",
      "integrity": "sha512-gRGzBn8KEt76Aj0Qix6PbwZ1LWjJ61OQFkGdGyeybnHzLJ6pKgVhJxf/3NWlGND7ulD9+rbmE1k3fNimwJ6SoA=="
    },
    "@pixi/filter-displacement": {
      "version": "7.0.0",
      "resolved": "https://registry.npmjs.org/@pixi/filter-displacement/-/filter-displacement-7.0.0.tgz",
      "integrity": "sha512-BvNikuprfjI3pvwmXB8zZ/Pb9JDLqFkQx6zWRQTzNeMR/YVjsdsiT5zgFU732uD7FPmXT7kEIAv+1ZN5CrbP6w=="
    },
    "@pixi/filter-fxaa": {
      "version": "7.0.0",
      "resolved": "https://registry.npmjs.org/@pixi/filter-fxaa/-/filter-fxaa-7.0.0.tgz",
      "integrity": "sha512-IA+72KahLk/YGq3rtfYQf5/E6nOYiJzLeh529gvH6bB6d6+UEimRBnkRYqKfAxGwJX9etc9NFFzLC5inE+4L5A=="
    },
    "@pixi/filter-noise": {
      "version": "7.0.0",
      "resolved": "https://registry.npmjs.org/@pixi/filter-noise/-/filter-noise-7.0.0.tgz",
      "integrity": "sha512-WL0biV1Vd++IX68J5TjO9z7SLtGklBzIvSqmYNTHnAqEJkZ1ss4MCvo9ASYSVxrTk9Wls5eBzYNjEgeJEObVyg=="
    },
    "@pixi/graphics": {
      "version": "7.0.0",
      "resolved": "https://registry.npmjs.org/@pixi/graphics/-/graphics-7.0.0.tgz",
      "integrity": "sha512-0a4qvkdVDVs7eFdXeFUf33DvfsuoqpcgF3XkUKa7xSD/zKgfmALMpgAcDPRoop1cUbTTCwvYebESUQGcx9tlig=="
    },
    "@pixi/math": {
      "version": "7.0.0",
      "resolved": "https://registry.npmjs.org/@pixi/math/-/math-7.0.0.tgz",
      "integrity": "sha512-fEJj6iRp8zVARndgD903a3A5JEbgfbRx/JQK61wN2AWDSij62OY9d94ZOeEZR3F3WU+sP3DBOPrB0OAfUOH/zg=="
    },
    "@pixi/mesh": {
      "version": "7.0.0",
      "resolved": "https://registry.npmjs.org/@pixi/mesh/-/mesh-7.0.0.tgz",
      "integrity": "sha512-m/5awygP8xpK83G8IRgFACWYV3/duNdpQ39w/hCiRSWADpR7iHQ0Zt88zA395TOFrOouyUtPcoUFfBlnHjJBhA=="
    },
    "@pixi/mesh-extras": {
      "version": "7.0.0",
      "resolved": "https://registry.npmjs.org/@pixi/mesh-extras/-/mesh-extras-7.0.0.tgz",
      "integrity": "sha512-cedILkFGR4FisE626n9hOGRP0Hclxn40Q6L4kU2zSEIheuER8JsFjyzJzDaArNTid87jCYOpMTLVTia9kWBKeg=="
    },
    "@pixi/mixin-cache-as-bitmap": {
      "version": "7.0.0",
      "resolved": "https://registry.npmjs.org/@pixi/mixin-cache-as-bitmap/-/mixin-cache-as-bitmap-7.0.0.tgz",
      "integrity": "sha512-cWSFHxfY+CtPKFccPJSTwEPrP3TbHBVF9yA2HY8O/BoeXDKLM7OP9zCyR45JFZwlktogPpOArkKa5ecsndqkDQ=="
    },
    "@pixi/mixin-get-child-by-name": {
      "version": "7.0.0",
      "resolved": "https://registry.npmjs.org/@pixi/mixin-get-child-by-name/-/mixin-get-child-by-name-7.0.0.tgz",
      "integrity": "sha512-ZDbGT16reuwD2ZdlTCqZtEe6tJla4c6MxTakrjZqgYjkO4DYXpy2Gb+Pra2MF6iFD3Tg4KXHnymD9Xojo0pheQ=="
    },
    "@pixi/mixin-get-global-position": {
      "version": "7.0.0",
      "resolved": "https://registry.npmjs.org/@pixi/mixin-get-global-position/-/mixin-get-global-position-7.0.0.tgz",
      "integrity": "sha512-7lrwiOYuvuVTpxemZI3QCNLDcfNf5ky8YbfEJ4jng/F08MYf8hrwtKJB7dKPk+ofM8X40XrqwjGghF27RaKTcQ=="
    },
    "@pixi/particle-container": {
      "version": "7.0.0",
      "resolved": "https://registry.npmjs.org/@pixi/particle-container/-/particle-container-7.0.0.tgz",
      "integrity": "sha512-IlNsLqEjsqQnHnW1fG/M4HtPiknE2XzyUUbqTlg6seteMcY4u/IBJpriOG/Fuj/H3QOpkOZdwcnPtQ0rzNLoEA=="
    },
    "@pixi/prepare": {
      "version": "7.0.0",
      "resolved": "https://registry.npmjs.org/@pixi/prepare/-/prepare-7.0.0.tgz",
      "integrity": "sha512-7CbguyNCDpoqLN77KS/6MXiZvpHsQplDcnNQIyLagsQL806+FUNeJwX+SBQ3nlGjgU1uq93gpI1EnggO68BFaQ=="
    },
    "@pixi/runner": {
      "version": "7.0.0",
      "resolved": "https://registry.npmjs.org/@pixi/runner/-/runner-7.0.0.tgz",
      "integrity": "sha512-+SKhTbjTOkAiuv/R+w0085KfAGw85UU/pNwSEdi3Md7XPbCqDjv+CD/hBL+U5KHQ/apaso9EqXEawOYQYewYlQ=="
    },
    "@pixi/settings": {
      "version": "7.0.0",
      "resolved": "https://registry.npmjs.org/@pixi/settings/-/settings-7.0.0.tgz",
      "integrity": "sha512-5OdG2nclUpXC1Dy1Tz58Lbvk8vmyex2t4ESHIZ4ar/xh3E1tuRyQx2CxEOsUI9cjkdm94RswVjutLtImhL4gdg==",
      "requires": {
        "@pixi/constants": "7.0.0",
        "@types/css-font-loading-module": "^0.0.7"
      }
    },
    "@pixi/sprite": {
      "version": "7.0.0",
      "resolved": "https://registry.npmjs.org/@pixi/sprite/-/sprite-7.0.0.tgz",
      "integrity": "sha512-wMs+C3iMvU/VzbRLrq7mnxy1+2IEtaUvdYkcHud/6nNEiiwfCH4c3DEqjWsqnZKvo92tZ/cx6WmCyvXeTx8c5g=="
    },
    "@pixi/sprite-animated": {
      "version": "7.0.0",
      "resolved": "https://registry.npmjs.org/@pixi/sprite-animated/-/sprite-animated-7.0.0.tgz",
      "integrity": "sha512-viJFSIjDnuZwl1v0VSS5tJHUjge8rNSIFwM0qqAVHIFQM9sOmIOINQFpe/AsBf5wE7fTlQa970OWNDJ2E7K6Sw=="
    },
    "@pixi/sprite-tiling": {
      "version": "7.0.0",
      "resolved": "https://registry.npmjs.org/@pixi/sprite-tiling/-/sprite-tiling-7.0.0.tgz",
      "integrity": "sha512-KFF5YbhiPpzFAYQf7UfTyvO0w/abA0GHXJNehfrltb4vZKtooOclJhCs4uEcdKtPlaCkgnfEqbvvZ5CnOzHWCA=="
    },
    "@pixi/spritesheet": {
      "version": "7.0.0",
      "resolved": "https://registry.npmjs.org/@pixi/spritesheet/-/spritesheet-7.0.0.tgz",
      "integrity": "sha512-ow1cTuyXLeNoNGFES5Wqt7hOOjQ5v9xmGTJWivI2PyCcKCevNFV3QjmHPJYuFtou6BJbu3mHh1vbBUX1PEnQ8w=="
    },
    "@pixi/text": {
      "version": "7.0.0",
      "resolved": "https://registry.npmjs.org/@pixi/text/-/text-7.0.0.tgz",
      "integrity": "sha512-Q7A7W+fekq5lY1JUS5x7LYnwuUcBiM91j3RtyCrMhkN7L7tEuJBwzVZJCabwP0VZRAFHmOEcUk7huxQwAacT+w=="
    },
    "@pixi/text-bitmap": {
      "version": "7.0.0",
      "resolved": "https://registry.npmjs.org/@pixi/text-bitmap/-/text-bitmap-7.0.0.tgz",
      "integrity": "sha512-oVIZ3aEPagijTKfq07VRLXSOy9wktdIsQq5QgZ4b9XqZxV7QGHCrWx8bscFkkeW6VkGk2YKhbVSB7Wi09PWK8g=="
    },
    "@pixi/ticker": {
      "version": "7.0.0",
      "resolved": "https://registry.npmjs.org/@pixi/ticker/-/ticker-7.0.0.tgz",
      "integrity": "sha512-AYmQuvGzO9Gi330knO1rsrAGDw4yjOV6ffm3HSv5RKb2G1K9icrKt/ub0DcozkN9dNn9PSw+vHSSZpWpBKIczw==",
      "requires": {
        "@pixi/extensions": "7.0.0",
        "@pixi/settings": "7.0.0"
      }
    },
    "@pixi/utils": {
      "version": "7.0.0",
      "resolved": "https://registry.npmjs.org/@pixi/utils/-/utils-7.0.0.tgz",
      "integrity": "sha512-eZI4ELOfgZ5GAASmnO7GUXQ20pZwWBl4QUiuXbABkWZakXjWWfO20m6LTQR4ID9Lpuhwx93a/ZttMcqgleRISQ==",
      "requires": {
        "@pixi/constants": "7.0.0",
        "@pixi/settings": "7.0.0",
        "@types/earcut": "^2.1.0",
        "earcut": "^2.2.4",
        "eventemitter3": "^4.0.0",
        "url": "^0.11.0"
      }
    },
    "@types/css-font-loading-module": {
      "version": "0.0.7",
      "resolved": "https://registry.npmjs.org/@types/css-font-loading-module/-/css-font-loading-module-0.0.7.tgz",
      "integrity": "sha512-nl09VhutdjINdWyXxHWN/w9zlNCfr60JUqJbd24YXUuCwgeL0TpFSdElCwb6cxfB6ybE19Gjj4g0jsgkXxKv1Q=="
    },
    "@types/earcut": {
      "version": "2.1.1",
      "resolved": "https://registry.npmjs.org/@types/earcut/-/earcut-2.1.1.tgz",
      "integrity": "sha512-w8oigUCDjElRHRRrMvn/spybSMyX8MTkKA5Dv+tS1IE/TgmNZPqUYtvYBXGY8cieSE66gm+szeK+bnbxC2xHTQ=="
    },
    "@types/offscreencanvas": {
      "version": "2019.7.0",
      "resolved": "https://registry.npmjs.org/@types/offscreencanvas/-/offscreencanvas-2019.7.0.tgz",
      "integrity": "sha512-PGcyveRIpL1XIqK8eBsmRBt76eFgtzuPiSTyKHZxnGemp2yzGzWpjYKAfK3wIMiU7eH+851yEpiuP8JZerTmWg=="
    },
    "@types/pixi.js": {
      "version": "5.0.0",
      "resolved": "https://registry.npmjs.org/@types/pixi.js/-/pixi.js-5.0.0.tgz",
      "integrity": "sha512-yZqQBR043lRBlBZci2cx6hgmX0fvBfYIqFm6VThlnueXEjitxd3coy+BGsqsZ7+ary7O//+ks4aJRhC5MJoHqA==",
      "dev": true,
      "requires": {
        "pixi.js": "*"
      }
    },
    "earcut": {
      "version": "2.2.4",
      "resolved": "https://registry.npmjs.org/earcut/-/earcut-2.2.4.tgz",
      "integrity": "sha512-/pjZsA1b4RPHbeWZQn66SWS8nZZWLQQ23oE3Eam7aroEFGEvwKAsJfZ9ytiEMycfzXWpca4FA9QIOehf7PocBQ=="
    },
    "esbuild": {
      "version": "0.15.12",
      "resolved": "https://registry.npmjs.org/esbuild/-/esbuild-0.15.12.tgz",
      "integrity": "sha512-PcT+/wyDqJQsRVhaE9uX/Oq4XLrFh0ce/bs2TJh4CSaw9xuvI+xFrH2nAYOADbhQjUgAhNWC5LKoUsakm4dxng==",
      "requires": {
        "@esbuild/android-arm": "0.15.12",
        "@esbuild/linux-loong64": "0.15.12",
        "esbuild-android-64": "0.15.12",
        "esbuild-android-arm64": "0.15.12",
        "esbuild-darwin-64": "0.15.12",
        "esbuild-darwin-arm64": "0.15.12",
        "esbuild-freebsd-64": "0.15.12",
        "esbuild-freebsd-arm64": "0.15.12",
        "esbuild-linux-32": "0.15.12",
        "esbuild-linux-64": "0.15.12",
        "esbuild-linux-arm": "0.15.12",
        "esbuild-linux-arm64": "0.15.12",
        "esbuild-linux-mips64le": "0.15.12",
        "esbuild-linux-ppc64le": "0.15.12",
        "esbuild-linux-riscv64": "0.15.12",
        "esbuild-linux-s390x": "0.15.12",
        "esbuild-netbsd-64": "0.15.12",
        "esbuild-openbsd-64": "0.15.12",
        "esbuild-sunos-64": "0.15.12",
        "esbuild-windows-32": "0.15.12",
        "esbuild-windows-64": "0.15.12",
        "esbuild-windows-arm64": "0.15.12"
      }
    },
    "esbuild-android-64": {
      "version": "0.15.12",
      "resolved": "https://registry.npmjs.org/esbuild-android-64/-/esbuild-android-64-0.15.12.tgz",
      "integrity": "sha512-MJKXwvPY9g0rGps0+U65HlTsM1wUs9lbjt5CU19RESqycGFDRijMDQsh68MtbzkqWSRdEtiKS1mtPzKneaAI0Q==",
      "optional": true
    },
    "esbuild-android-arm64": {
      "version": "0.15.12",
      "resolved": "https://registry.npmjs.org/esbuild-android-arm64/-/esbuild-android-arm64-0.15.12.tgz",
      "integrity": "sha512-Hc9SEcZbIMhhLcvhr1DH+lrrec9SFTiRzfJ7EGSBZiiw994gfkVV6vG0sLWqQQ6DD7V4+OggB+Hn0IRUdDUqvA==",
      "optional": true
    },
    "esbuild-darwin-64": {
      "version": "0.15.12",
      "resolved": "https://registry.npmjs.org/esbuild-darwin-64/-/esbuild-darwin-64-0.15.12.tgz",
      "integrity": "sha512-qkmqrTVYPFiePt5qFjP8w/S+GIUMbt6k8qmiPraECUWfPptaPJUGkCKrWEfYFRWB7bY23FV95rhvPyh/KARP8Q==",
      "optional": true
    },
    "esbuild-darwin-arm64": {
      "version": "0.15.12",
      "resolved": "https://registry.npmjs.org/esbuild-darwin-arm64/-/esbuild-darwin-arm64-0.15.12.tgz",
      "integrity": "sha512-z4zPX02tQ41kcXMyN3c/GfZpIjKoI/BzHrdKUwhC/Ki5BAhWv59A9M8H+iqaRbwpzYrYidTybBwiZAIWCLJAkw==",
      "optional": true
    },
    "esbuild-freebsd-64": {
      "version": "0.15.12",
      "resolved": "https://registry.npmjs.org/esbuild-freebsd-64/-/esbuild-freebsd-64-0.15.12.tgz",
      "integrity": "sha512-XFL7gKMCKXLDiAiBjhLG0XECliXaRLTZh6hsyzqUqPUf/PY4C6EJDTKIeqqPKXaVJ8+fzNek88285krSz1QECw==",
      "optional": true
    },
    "esbuild-freebsd-arm64": {
      "version": "0.15.12",
      "resolved": "https://registry.npmjs.org/esbuild-freebsd-arm64/-/esbuild-freebsd-arm64-0.15.12.tgz",
      "integrity": "sha512-jwEIu5UCUk6TjiG1X+KQnCGISI+ILnXzIzt9yDVrhjug2fkYzlLbl0K43q96Q3KB66v6N1UFF0r5Ks4Xo7i72g==",
      "optional": true
    },
    "esbuild-linux-32": {
      "version": "0.15.12",
      "resolved": "https://registry.npmjs.org/esbuild-linux-32/-/esbuild-linux-32-0.15.12.tgz",
      "integrity": "sha512-uSQuSEyF1kVzGzuIr4XM+v7TPKxHjBnLcwv2yPyCz8riV8VUCnO/C4BF3w5dHiVpCd5Z1cebBtZJNlC4anWpwA==",
      "optional": true
    },
    "esbuild-linux-64": {
      "version": "0.15.12",
      "resolved": "https://registry.npmjs.org/esbuild-linux-64/-/esbuild-linux-64-0.15.12.tgz",
      "integrity": "sha512-QcgCKb7zfJxqT9o5z9ZUeGH1k8N6iX1Y7VNsEi5F9+HzN1OIx7ESxtQXDN9jbeUSPiRH1n9cw6gFT3H4qbdvcA==",
      "optional": true
    },
    "esbuild-linux-arm": {
      "version": "0.15.12",
      "resolved": "https://registry.npmjs.org/esbuild-linux-arm/-/esbuild-linux-arm-0.15.12.tgz",
      "integrity": "sha512-Wf7T0aNylGcLu7hBnzMvsTfEXdEdJY/hY3u36Vla21aY66xR0MS5I1Hw8nVquXjTN0A6fk/vnr32tkC/C2lb0A==",
      "optional": true
    },
    "esbuild-linux-arm64": {
      "version": "0.15.12",
      "resolved": "https://registry.npmjs.org/esbuild-linux-arm64/-/esbuild-linux-arm64-0.15.12.tgz",
      "integrity": "sha512-HtNq5xm8fUpZKwWKS2/YGwSfTF+339L4aIA8yphNKYJckd5hVdhfdl6GM2P3HwLSCORS++++7++//ApEwXEuAQ==",
      "optional": true
    },
    "esbuild-linux-mips64le": {
      "version": "0.15.12",
      "resolved": "https://registry.npmjs.org/esbuild-linux-mips64le/-/esbuild-linux-mips64le-0.15.12.tgz",
      "integrity": "sha512-Qol3+AvivngUZkTVFgLpb0H6DT+N5/zM3V1YgTkryPYFeUvuT5JFNDR3ZiS6LxhyF8EE+fiNtzwlPqMDqVcc6A==",
      "optional": true
    },
    "esbuild-linux-ppc64le": {
      "version": "0.15.12",
      "resolved": "https://registry.npmjs.org/esbuild-linux-ppc64le/-/esbuild-linux-ppc64le-0.15.12.tgz",
      "integrity": "sha512-4D8qUCo+CFKaR0cGXtGyVsOI7w7k93Qxb3KFXWr75An0DHamYzq8lt7TNZKoOq/Gh8c40/aKaxvcZnTgQ0TJNg==",
      "optional": true
    },
    "esbuild-linux-riscv64": {
      "version": "0.15.12",
      "resolved": "https://registry.npmjs.org/esbuild-linux-riscv64/-/esbuild-linux-riscv64-0.15.12.tgz",
      "integrity": "sha512-G9w6NcuuCI6TUUxe6ka0enjZHDnSVK8bO+1qDhMOCtl7Tr78CcZilJj8SGLN00zO5iIlwNRZKHjdMpfFgNn1VA==",
      "optional": true
    },
    "esbuild-linux-s390x": {
      "version": "0.15.12",
      "resolved": "https://registry.npmjs.org/esbuild-linux-s390x/-/esbuild-linux-s390x-0.15.12.tgz",
      "integrity": "sha512-Lt6BDnuXbXeqSlVuuUM5z18GkJAZf3ERskGZbAWjrQoi9xbEIsj/hEzVnSAFLtkfLuy2DE4RwTcX02tZFunXww==",
      "optional": true
    },
    "esbuild-netbsd-64": {
      "version": "0.15.12",
      "resolved": "https://registry.npmjs.org/esbuild-netbsd-64/-/esbuild-netbsd-64-0.15.12.tgz",
      "integrity": "sha512-jlUxCiHO1dsqoURZDQts+HK100o0hXfi4t54MNRMCAqKGAV33JCVvMplLAa2FwviSojT/5ZG5HUfG3gstwAG8w==",
      "optional": true
    },
    "esbuild-openbsd-64": {
      "version": "0.15.12",
      "resolved": "https://registry.npmjs.org/esbuild-openbsd-64/-/esbuild-openbsd-64-0.15.12.tgz",
      "integrity": "sha512-1o1uAfRTMIWNOmpf8v7iudND0L6zRBYSH45sofCZywrcf7NcZA+c7aFsS1YryU+yN7aRppTqdUK1PgbZVaB1Dw==",
      "optional": true
    },
    "esbuild-sunos-64": {
      "version": "0.15.12",
      "resolved": "https://registry.npmjs.org/esbuild-sunos-64/-/esbuild-sunos-64-0.15.12.tgz",
      "integrity": "sha512-nkl251DpoWoBO9Eq9aFdoIt2yYmp4I3kvQjba3jFKlMXuqQ9A4q+JaqdkCouG3DHgAGnzshzaGu6xofGcXyPXg==",
      "optional": true
    },
    "esbuild-windows-32": {
      "version": "0.15.12",
      "resolved": "https://registry.npmjs.org/esbuild-windows-32/-/esbuild-windows-32-0.15.12.tgz",
      "integrity": "sha512-WlGeBZHgPC00O08luIp5B2SP4cNCp/PcS+3Pcg31kdcJPopHxLkdCXtadLU9J82LCfw4TVls21A6lilQ9mzHrw==",
      "optional": true
    },
    "esbuild-windows-64": {
      "version": "0.15.12",
      "resolved": "https://registry.npmjs.org/esbuild-windows-64/-/esbuild-windows-64-0.15.12.tgz",
      "integrity": "sha512-VActO3WnWZSN//xjSfbiGOSyC+wkZtI8I4KlgrTo5oHJM6z3MZZBCuFaZHd8hzf/W9KPhF0lY8OqlmWC9HO5AA==",
      "optional": true
    },
    "esbuild-windows-arm64": {
      "version": "0.15.12",
      "resolved": "https://registry.npmjs.org/esbuild-windows-arm64/-/esbuild-windows-arm64-0.15.12.tgz",
      "integrity": "sha512-Of3MIacva1OK/m4zCNIvBfz8VVROBmQT+gRX6pFTLPngFYcj6TFH/12VveAqq1k9VB2l28EoVMNMUCcmsfwyuA==",
      "optional": true
    },
    "eventemitter3": {
      "version": "4.0.7",
      "resolved": "https://registry.npmjs.org/eventemitter3/-/eventemitter3-4.0.7.tgz",
      "integrity": "sha512-8guHBZCwKnFhYdHr2ysuRWErTwhoN2X8XELRlrRwpmfeY2jjuUN4taQMsULKUVo1K4DvZl+0pgfyoysHxvmvEw=="
    },
    "pixi.js": {
      "version": "7.0.0",
      "resolved": "https://registry.npmjs.org/pixi.js/-/pixi.js-7.0.0.tgz",
      "integrity": "sha512-/etsMGiNfWX2385epiWgxEOOWGFCZ4n1QupqG0+X6efqKfoFxBRAXm0xfYt6U5pFTjnyIOkLyPVwywfYYQcH7g==",
      "requires": {
        "@pixi/accessibility": "7.0.0",
        "@pixi/app": "7.0.0",
        "@pixi/assets": "7.0.0",
        "@pixi/compressed-textures": "7.0.0",
        "@pixi/core": "7.0.0",
        "@pixi/display": "7.0.0",
        "@pixi/events": "7.0.0",
        "@pixi/extensions": "7.0.0",
        "@pixi/extract": "7.0.0",
        "@pixi/filter-alpha": "7.0.0",
        "@pixi/filter-blur": "7.0.0",
        "@pixi/filter-color-matrix": "7.0.0",
        "@pixi/filter-displacement": "7.0.0",
        "@pixi/filter-fxaa": "7.0.0",
        "@pixi/filter-noise": "7.0.0",
        "@pixi/graphics": "7.0.0",
        "@pixi/mesh": "7.0.0",
        "@pixi/mesh-extras": "7.0.0",
        "@pixi/mixin-cache-as-bitmap": "7.0.0",
        "@pixi/mixin-get-child-by-name": "7.0.0",
        "@pixi/mixin-get-global-position": "7.0.0",
        "@pixi/particle-container": "7.0.0",
        "@pixi/prepare": "7.0.0",
        "@pixi/sprite": "7.0.0",
        "@pixi/sprite-animated": "7.0.0",
        "@pixi/sprite-tiling": "7.0.0",
        "@pixi/spritesheet": "7.0.0",
        "@pixi/text": "7.0.0",
        "@pixi/text-bitmap": "7.0.0"
      }
    },
    "punycode": {
      "version": "1.3.2",
      "resolved": "https://registry.npmjs.org/punycode/-/punycode-1.3.2.tgz",
      "integrity": "sha512-RofWgt/7fL5wP1Y7fxE7/EmTLzQVnB0ycyibJ0OOHIlJqTNzglYFxVwETOcIoJqJmpDXJ9xImDv+Fq34F/d4Dw=="
    },
    "querystring": {
      "version": "0.2.0",
      "resolved": "https://registry.npmjs.org/querystring/-/querystring-0.2.0.tgz",
      "integrity": "sha512-X/xY82scca2tau62i9mDyU9K+I+djTMUsvwf7xnUX5GLvVzgJybOJf4Y6o9Zx3oJK/LSXg5tTZBjwzqVPaPO2g=="
    },
    "url": {
      "version": "0.11.0",
      "resolved": "https://registry.npmjs.org/url/-/url-0.11.0.tgz",
      "integrity": "sha512-kbailJa29QrtXnxgq+DdCEGlbTeYM2eJUxsz6vjZavrCYPMIFHMKQmSKYAIuUK2i7hgPm28a8piX5NTUtM/LKQ==",
      "requires": {
        "punycode": "1.3.2",
        "querystring": "0.2.0"
      }
    }
  }
}
